// !$*UTF8*$!
{
	archiveVersion = 1;
	classes = {
	};
	objectVersion = 46;
	objects = {

/* Begin PBXBuildFile section */
		3F3B22FD1DFE7C4F00EC2B03 /* PageContentView.swift in Sources */ = {isa = PBXBuildFile; fileRef = 3F3B22FC1DFE7C4F00EC2B03 /* PageContentView.swift */; };
		3F3B22FF1DFE807300EC2B03 /* UIColor-Extension.swift in Sources */ = {isa = PBXBuildFile; fileRef = 3F3B22FE1DFE807300EC2B03 /* UIColor-Extension.swift */; };
		3F4714C51DFF9B5900D7B492 /* CommendViewController.swift in Sources */ = {isa = PBXBuildFile; fileRef = 3F4714C41DFF9B5900D7B492 /* CommendViewController.swift */; };
		3F4714C81DFFE3F700D7B492 /* HomeCollectionHeaderView.swift in Sources */ = {isa = PBXBuildFile; fileRef = 3F4714C61DFFE3F700D7B492 /* HomeCollectionHeaderView.swift */; };
		3F4714C91DFFE3F700D7B492 /* HomeCollectionHeaderView.xib in Resources */ = {isa = PBXBuildFile; fileRef = 3F4714C71DFFE3F700D7B492 /* HomeCollectionHeaderView.xib */; };
		3F4714CC1DFFF23A00D7B492 /* CollectionNormalCell.swift in Sources */ = {isa = PBXBuildFile; fileRef = 3F4714CA1DFFF23A00D7B492 /* CollectionNormalCell.swift */; };
		3F4714CD1DFFF23A00D7B492 /* CollectionNormalCell.xib in Resources */ = {isa = PBXBuildFile; fileRef = 3F4714CB1DFFF23A00D7B492 /* CollectionNormalCell.xib */; };
		3F8D4F6D1DFE3B77008E7F2C /* AppDelegate.swift in Sources */ = {isa = PBXBuildFile; fileRef = 3F8D4F4C1DFE3B77008E7F2C /* AppDelegate.swift */; };
		3F8D4F6F1DFE3B77008E7F2C /* MainViewController.swift in Sources */ = {isa = PBXBuildFile; fileRef = 3F8D4F5D1DFE3B77008E7F2C /* MainViewController.swift */; };
		3F8D4F701DFE3B77008E7F2C /* Follow.storyboard in Resources */ = {isa = PBXBuildFile; fileRef = 3F8D4F651DFE3B77008E7F2C /* Follow.storyboard */; };
		3F8D4F711DFE3B77008E7F2C /* Home.storyboard in Resources */ = {isa = PBXBuildFile; fileRef = 3F8D4F661DFE3B77008E7F2C /* Home.storyboard */; };
		3F8D4F721DFE3B77008E7F2C /* Info.plist in Resources */ = {isa = PBXBuildFile; fileRef = 3F8D4F671DFE3B77008E7F2C /* Info.plist */; };
		3F8D4F731DFE3B77008E7F2C /* LaunchScreen.storyboard in Resources */ = {isa = PBXBuildFile; fileRef = 3F8D4F681DFE3B77008E7F2C /* LaunchScreen.storyboard */; };
		3F8D4F741DFE3B77008E7F2C /* Live.storyboard in Resources */ = {isa = PBXBuildFile; fileRef = 3F8D4F691DFE3B77008E7F2C /* Live.storyboard */; };
		3F8D4F751DFE3B77008E7F2C /* Main.storyboard in Resources */ = {isa = PBXBuildFile; fileRef = 3F8D4F6A1DFE3B77008E7F2C /* Main.storyboard */; };
		3F8D4F761DFE3B77008E7F2C /* Profile.storyboard in Resources */ = {isa = PBXBuildFile; fileRef = 3F8D4F6B1DFE3B77008E7F2C /* Profile.storyboard */; };
		3F8D4F791DFE3C3A008E7F2C /* HomeViewController.swift in Sources */ = {isa = PBXBuildFile; fileRef = 3F8D4F781DFE3C3A008E7F2C /* HomeViewController.swift */; };
		3F8D4F7B1DFE416F008E7F2C /* Assets.xcassets in Resources */ = {isa = PBXBuildFile; fileRef = 3F8D4F7A1DFE416F008E7F2C /* Assets.xcassets */; };
		3F8D4F7E1DFE46DA008E7F2C /* UIBarButtonItem-Extension.swift in Sources */ = {isa = PBXBuildFile; fileRef = 3F8D4F7D1DFE46DA008E7F2C /* UIBarButtonItem-Extension.swift */; };
		3F8D4F801DFE4CFD008E7F2C /* PageTitleView.swift in Sources */ = {isa = PBXBuildFile; fileRef = 3F8D4F7F1DFE4CFD008E7F2C /* PageTitleView.swift */; };
		3F8D4F821DFE4F2F008E7F2C /* Common.swift in Sources */ = {isa = PBXBuildFile; fileRef = 3F8D4F811DFE4F2F008E7F2C /* Common.swift */; };
		3FE11F2D1DE42A3C00F62CFE /* DYZBTests.swift in Sources */ = {isa = PBXBuildFile; fileRef = 3FE11F2C1DE42A3C00F62CFE /* DYZBTests.swift */; };
		3FE11F381DE42A3C00F62CFE /* DYZBUITests.swift in Sources */ = {isa = PBXBuildFile; fileRef = 3FE11F371DE42A3C00F62CFE /* DYZBUITests.swift */; };
/* End PBXBuildFile section */

/* Begin PBXContainerItemProxy section */
		3FE11F291DE42A3C00F62CFE /* PBXContainerItemProxy */ = {
			isa = PBXContainerItemProxy;
			containerPortal = 3FE11F0C1DE42A3C00F62CFE /* Project object */;
			proxyType = 1;
			remoteGlobalIDString = 3FE11F131DE42A3C00F62CFE;
			remoteInfo = DYZB;
		};
		3FE11F341DE42A3C00F62CFE /* PBXContainerItemProxy */ = {
			isa = PBXContainerItemProxy;
			containerPortal = 3FE11F0C1DE42A3C00F62CFE /* Project object */;
			proxyType = 1;
			remoteGlobalIDString = 3FE11F131DE42A3C00F62CFE;
			remoteInfo = DYZB;
		};
/* End PBXContainerItemProxy section */

/* Begin PBXFileReference section */
		3F3B22FC1DFE7C4F00EC2B03 /* PageContentView.swift */ = {isa = PBXFileReference; fileEncoding = 4; lastKnownFileType = sourcecode.swift; path = PageContentView.swift; sourceTree = "<group>"; };
		3F3B22FE1DFE807300EC2B03 /* UIColor-Extension.swift */ = {isa = PBXFileReference; fileEncoding = 4; lastKnownFileType = sourcecode.swift; path = "UIColor-Extension.swift"; sourceTree = "<group>"; };
		3F4714C41DFF9B5900D7B492 /* CommendViewController.swift */ = {isa = PBXFileReference; fileEncoding = 4; lastKnownFileType = sourcecode.swift; path = CommendViewController.swift; sourceTree = "<group>"; };
		3F4714C61DFFE3F700D7B492 /* HomeCollectionHeaderView.swift */ = {isa = PBXFileReference; fileEncoding = 4; lastKnownFileType = sourcecode.swift; path = HomeCollectionHeaderView.swift; sourceTree = "<group>"; };
		3F4714C71DFFE3F700D7B492 /* HomeCollectionHeaderView.xib */ = {isa = PBXFileReference; fileEncoding = 4; lastKnownFileType = file.xib; path = HomeCollectionHeaderView.xib; sourceTree = "<group>"; };
		3F4714CA1DFFF23A00D7B492 /* CollectionNormalCell.swift */ = {isa = PBXFileReference; fileEncoding = 4; lastKnownFileType = sourcecode.swift; path = CollectionNormalCell.swift; sourceTree = "<group>"; };
		3F4714CB1DFFF23A00D7B492 /* CollectionNormalCell.xib */ = {isa = PBXFileReference; fileEncoding = 4; lastKnownFileType = file.xib; path = CollectionNormalCell.xib; sourceTree = "<group>"; };
		3F8D4F4C1DFE3B77008E7F2C /* AppDelegate.swift */ = {isa = PBXFileReference; fileEncoding = 4; lastKnownFileType = sourcecode.swift; path = AppDelegate.swift; sourceTree = "<group>"; };
		3F8D4F5D1DFE3B77008E7F2C /* MainViewController.swift */ = {isa = PBXFileReference; fileEncoding = 4; lastKnownFileType = sourcecode.swift; path = MainViewController.swift; sourceTree = "<group>"; };
		3F8D4F651DFE3B77008E7F2C /* Follow.storyboard */ = {isa = PBXFileReference; fileEncoding = 4; lastKnownFileType = file.storyboard; name = Follow.storyboard; path = ../../../Follow.storyboard; sourceTree = "<group>"; };
		3F8D4F661DFE3B77008E7F2C /* Home.storyboard */ = {isa = PBXFileReference; fileEncoding = 4; lastKnownFileType = file.storyboard; name = Home.storyboard; path = ../../../Home.storyboard; sourceTree = "<group>"; };
		3F8D4F671DFE3B77008E7F2C /* Info.plist */ = {isa = PBXFileReference; fileEncoding = 4; lastKnownFileType = text.plist.xml; path = Info.plist; sourceTree = "<group>"; };
		3F8D4F681DFE3B77008E7F2C /* LaunchScreen.storyboard */ = {isa = PBXFileReference; fileEncoding = 4; lastKnownFileType = file.storyboard; path = LaunchScreen.storyboard; sourceTree = "<group>"; };
		3F8D4F691DFE3B77008E7F2C /* Live.storyboard */ = {isa = PBXFileReference; fileEncoding = 4; lastKnownFileType = file.storyboard; name = Live.storyboard; path = ../../../Live.storyboard; sourceTree = "<group>"; };
		3F8D4F6A1DFE3B77008E7F2C /* Main.storyboard */ = {isa = PBXFileReference; fileEncoding = 4; lastKnownFileType = file.storyboard; name = Main.storyboard; path = ../../../Main.storyboard; sourceTree = "<group>"; };
		3F8D4F6B1DFE3B77008E7F2C /* Profile.storyboard */ = {isa = PBXFileReference; fileEncoding = 4; lastKnownFileType = file.storyboard; name = Profile.storyboard; path = ../../Profile.storyboard; sourceTree = "<group>"; };
		3F8D4F781DFE3C3A008E7F2C /* HomeViewController.swift */ = {isa = PBXFileReference; fileEncoding = 4; lastKnownFileType = sourcecode.swift; path = HomeViewController.swift; sourceTree = "<group>"; };
		3F8D4F7A1DFE416F008E7F2C /* Assets.xcassets */ = {isa = PBXFileReference; lastKnownFileType = folder.assetcatalog; path = Assets.xcassets; sourceTree = "<group>"; };
		3F8D4F7D1DFE46DA008E7F2C /* UIBarButtonItem-Extension.swift */ = {isa = PBXFileReference; fileEncoding = 4; lastKnownFileType = sourcecode.swift; path = "UIBarButtonItem-Extension.swift"; sourceTree = "<group>"; };
		3F8D4F7F1DFE4CFD008E7F2C /* PageTitleView.swift */ = {isa = PBXFileReference; fileEncoding = 4; lastKnownFileType = sourcecode.swift; path = PageTitleView.swift; sourceTree = "<group>"; };
		3F8D4F811DFE4F2F008E7F2C /* Common.swift */ = {isa = PBXFileReference; fileEncoding = 4; lastKnownFileType = sourcecode.swift; path = Common.swift; sourceTree = "<group>"; };
		3FE11F141DE42A3C00F62CFE /* DYZB.app */ = {isa = PBXFileReference; explicitFileType = wrapper.application; includeInIndex = 0; path = DYZB.app; sourceTree = BUILT_PRODUCTS_DIR; };
		3FE11F281DE42A3C00F62CFE /* DYZBTests.xctest */ = {isa = PBXFileReference; explicitFileType = wrapper.cfbundle; includeInIndex = 0; path = DYZBTests.xctest; sourceTree = BUILT_PRODUCTS_DIR; };
		3FE11F2C1DE42A3C00F62CFE /* DYZBTests.swift */ = {isa = PBXFileReference; lastKnownFileType = sourcecode.swift; path = DYZBTests.swift; sourceTree = "<group>"; };
		3FE11F2E1DE42A3C00F62CFE /* Info.plist */ = {isa = PBXFileReference; lastKnownFileType = text.plist.xml; path = Info.plist; sourceTree = "<group>"; };
		3FE11F331DE42A3C00F62CFE /* DYZBUITests.xctest */ = {isa = PBXFileReference; explicitFileType = wrapper.cfbundle; includeInIndex = 0; path = DYZBUITests.xctest; sourceTree = BUILT_PRODUCTS_DIR; };
		3FE11F371DE42A3C00F62CFE /* DYZBUITests.swift */ = {isa = PBXFileReference; lastKnownFileType = sourcecode.swift; path = DYZBUITests.swift; sourceTree = "<group>"; };
		3FE11F391DE42A3C00F62CFE /* Info.plist */ = {isa = PBXFileReference; lastKnownFileType = text.plist.xml; path = Info.plist; sourceTree = "<group>"; };
/* End PBXFileReference section */

/* Begin PBXFrameworksBuildPhase section */
		3FE11F111DE42A3C00F62CFE /* Frameworks */ = {
			isa = PBXFrameworksBuildPhase;
			buildActionMask = 2147483647;
			files = (
			);
			runOnlyForDeploymentPostprocessing = 0;
		};
		3FE11F251DE42A3C00F62CFE /* Frameworks */ = {
			isa = PBXFrameworksBuildPhase;
			buildActionMask = 2147483647;
			files = (
			);
			runOnlyForDeploymentPostprocessing = 0;
		};
		3FE11F301DE42A3C00F62CFE /* Frameworks */ = {
			isa = PBXFrameworksBuildPhase;
			buildActionMask = 2147483647;
			files = (
			);
			runOnlyForDeploymentPostprocessing = 0;
		};
/* End PBXFrameworksBuildPhase section */

/* Begin PBXGroup section */
		3F8D4F4B1DFE3B77008E7F2C /* DYZB */ = {
			isa = PBXGroup;
			children = (
				3F8D4F4E1DFE3B77008E7F2C /* Classes */,
				3F8D4F4C1DFE3B77008E7F2C /* AppDelegate.swift */,
				3F8D4F7A1DFE416F008E7F2C /* Assets.xcassets */,
				3F8D4F671DFE3B77008E7F2C /* Info.plist */,
				3F8D4F681DFE3B77008E7F2C /* LaunchScreen.storyboard */,
			);
			path = DYZB;
			sourceTree = "<group>";
		};
		3F8D4F4E1DFE3B77008E7F2C /* Classes */ = {
			isa = PBXGroup;
			children = (
				3F8D4F5B1DFE3B77008E7F2C /* Main */,
				3F8D4F531DFE3B77008E7F2C /* Home */,
				3F8D4F571DFE3B77008E7F2C /* Live */,
				3F8D4F4F1DFE3B77008E7F2C /* Follow */,
				3F8D4F601DFE3B77008E7F2C /* Profile */,
				3F8D4F641DFE3B77008E7F2C /* Tools */,
			);
			path = Classes;
			sourceTree = "<group>";
		};
		3F8D4F4F1DFE3B77008E7F2C /* Follow */ = {
			isa = PBXGroup;
			children = (
				3F8D4F501DFE3B77008E7F2C /* Controller */,
				3F8D4F511DFE3B77008E7F2C /* Model */,
				3F8D4F521DFE3B77008E7F2C /* View */,
			);
			path = Follow;
			sourceTree = "<group>";
		};
		3F8D4F501DFE3B77008E7F2C /* Controller */ = {
			isa = PBXGroup;
			children = (
			);
			path = Controller;
			sourceTree = "<group>";
		};
		3F8D4F511DFE3B77008E7F2C /* Model */ = {
			isa = PBXGroup;
			children = (
			);
			path = Model;
			sourceTree = "<group>";
		};
		3F8D4F521DFE3B77008E7F2C /* View */ = {
			isa = PBXGroup;
			children = (
				3F8D4F651DFE3B77008E7F2C /* Follow.storyboard */,
			);
			path = View;
			sourceTree = "<group>";
		};
		3F8D4F531DFE3B77008E7F2C /* Home */ = {
			isa = PBXGroup;
			children = (
				3F8D4F541DFE3B77008E7F2C /* Controller */,
				3F8D4F551DFE3B77008E7F2C /* Model */,
				3F8D4F561DFE3B77008E7F2C /* View */,
			);
			path = Home;
			sourceTree = "<group>";
		};
		3F8D4F541DFE3B77008E7F2C /* Controller */ = {
			isa = PBXGroup;
			children = (
				3F8D4F781DFE3C3A008E7F2C /* HomeViewController.swift */,
				3F4714C41DFF9B5900D7B492 /* CommendViewController.swift */,
			);
			path = Controller;
			sourceTree = "<group>";
		};
		3F8D4F551DFE3B77008E7F2C /* Model */ = {
			isa = PBXGroup;
			children = (
			);
			path = Model;
			sourceTree = "<group>";
		};
		3F8D4F561DFE3B77008E7F2C /* View */ = {
			isa = PBXGroup;
			children = (
				3F8D4F661DFE3B77008E7F2C /* Home.storyboard */,
				3F4714C61DFFE3F700D7B492 /* HomeCollectionHeaderView.swift */,
				3F4714C71DFFE3F700D7B492 /* HomeCollectionHeaderView.xib */,
			);
			path = View;
			sourceTree = "<group>";
		};
		3F8D4F571DFE3B77008E7F2C /* Live */ = {
			isa = PBXGroup;
			children = (
				3F8D4F581DFE3B77008E7F2C /* Controller */,
				3F8D4F591DFE3B77008E7F2C /* Model */,
				3F8D4F5A1DFE3B77008E7F2C /* View */,
			);
			path = Live;
			sourceTree = "<group>";
		};
		3F8D4F581DFE3B77008E7F2C /* Controller */ = {
			isa = PBXGroup;
			children = (
			);
			path = Controller;
			sourceTree = "<group>";
		};
		3F8D4F591DFE3B77008E7F2C /* Model */ = {
			isa = PBXGroup;
			children = (
			);
			path = Model;
			sourceTree = "<group>";
		};
		3F8D4F5A1DFE3B77008E7F2C /* View */ = {
			isa = PBXGroup;
			children = (
				3F8D4F691DFE3B77008E7F2C /* Live.storyboard */,
			);
			path = View;
			sourceTree = "<group>";
		};
		3F8D4F5B1DFE3B77008E7F2C /* Main */ = {
			isa = PBXGroup;
			children = (
				3F8D4F5C1DFE3B77008E7F2C /* Controller */,
				3F8D4F5E1DFE3B77008E7F2C /* Model */,
				3F8D4F5F1DFE3B77008E7F2C /* View */,
			);
			path = Main;
			sourceTree = "<group>";
		};
		3F8D4F5C1DFE3B77008E7F2C /* Controller */ = {
			isa = PBXGroup;
			children = (
				3F8D4F5D1DFE3B77008E7F2C /* MainViewController.swift */,
			);
			path = Controller;
			sourceTree = "<group>";
		};
		3F8D4F5E1DFE3B77008E7F2C /* Model */ = {
			isa = PBXGroup;
			children = (
			);
			path = Model;
			sourceTree = "<group>";
		};
		3F8D4F5F1DFE3B77008E7F2C /* View */ = {
			isa = PBXGroup;
			children = (
				3F8D4F6A1DFE3B77008E7F2C /* Main.storyboard */,
				3F8D4F7F1DFE4CFD008E7F2C /* PageTitleView.swift */,
				3F3B22FC1DFE7C4F00EC2B03 /* PageContentView.swift */,
				3F4714CA1DFFF23A00D7B492 /* CollectionNormalCell.swift */,
				3F4714CB1DFFF23A00D7B492 /* CollectionNormalCell.xib */,
			);
			path = View;
			sourceTree = "<group>";
		};
		3F8D4F601DFE3B77008E7F2C /* Profile */ = {
			isa = PBXGroup;
			children = (
				3F8D4F611DFE3B77008E7F2C /* Controller */,
				3F8D4F621DFE3B77008E7F2C /* Model */,
				3F8D4F631DFE3B77008E7F2C /* View */,
				3F8D4F6B1DFE3B77008E7F2C /* Profile.storyboard */,
			);
			path = Profile;
			sourceTree = "<group>";
		};
		3F8D4F611DFE3B77008E7F2C /* Controller */ = {
			isa = PBXGroup;
			children = (
			);
			path = Controller;
			sourceTree = "<group>";
		};
		3F8D4F621DFE3B77008E7F2C /* Model */ = {
			isa = PBXGroup;
			children = (
			);
			path = Model;
			sourceTree = "<group>";
		};
		3F8D4F631DFE3B77008E7F2C /* View */ = {
			isa = PBXGroup;
			children = (
			);
			path = View;
			sourceTree = "<group>";
		};
		3F8D4F641DFE3B77008E7F2C /* Tools */ = {
			isa = PBXGroup;
			children = (
				3F8D4F7C1DFE469E008E7F2C /* Extension */,
				3F8D4F811DFE4F2F008E7F2C /* Common.swift */,
			);
			path = Tools;
			sourceTree = "<group>";
		};
		3F8D4F7C1DFE469E008E7F2C /* Extension */ = {
			isa = PBXGroup;
			children = (
				3F8D4F7D1DFE46DA008E7F2C /* UIBarButtonItem-Extension.swift */,
				3F3B22FE1DFE807300EC2B03 /* UIColor-Extension.swift */,
			);
			name = Extension;
			sourceTree = "<group>";
		};
		3FE11F0B1DE42A3C00F62CFE = {
			isa = PBXGroup;
			children = (
				3F8D4F4B1DFE3B77008E7F2C /* DYZB */,
				3FE11F2B1DE42A3C00F62CFE /* DYZBTests */,
				3FE11F361DE42A3C00F62CFE /* DYZBUITests */,
				3FE11F151DE42A3C00F62CFE /* Products */,
			);
			sourceTree = "<group>";
		};
		3FE11F151DE42A3C00F62CFE /* Products */ = {
			isa = PBXGroup;
			children = (
				3FE11F141DE42A3C00F62CFE /* DYZB.app */,
				3FE11F281DE42A3C00F62CFE /* DYZBTests.xctest */,
				3FE11F331DE42A3C00F62CFE /* DYZBUITests.xctest */,
			);
			name = Products;
			sourceTree = "<group>";
		};
		3FE11F2B1DE42A3C00F62CFE /* DYZBTests */ = {
			isa = PBXGroup;
			children = (
				3FE11F2C1DE42A3C00F62CFE /* DYZBTests.swift */,
				3FE11F2E1DE42A3C00F62CFE /* Info.plist */,
			);
			path = DYZBTests;
			sourceTree = SOURCE_ROOT;
		};
		3FE11F361DE42A3C00F62CFE /* DYZBUITests */ = {
			isa = PBXGroup;
			children = (
				3FE11F371DE42A3C00F62CFE /* DYZBUITests.swift */,
				3FE11F391DE42A3C00F62CFE /* Info.plist */,
			);
			path = DYZBUITests;
			sourceTree = "<group>";
		};
/* End PBXGroup section */

/* Begin PBXNativeTarget section */
		3FE11F131DE42A3C00F62CFE /* DYZB */ = {
			isa = PBXNativeTarget;
			buildConfigurationList = 3FE11F3C1DE42A3C00F62CFE /* Build configuration list for PBXNativeTarget "DYZB" */;
			buildPhases = (
				3FE11F101DE42A3C00F62CFE /* Sources */,
				3FE11F111DE42A3C00F62CFE /* Frameworks */,
				3FE11F121DE42A3C00F62CFE /* Resources */,
			);
			buildRules = (
			);
			dependencies = (
			);
			name = DYZB;
			productName = DYZB;
			productReference = 3FE11F141DE42A3C00F62CFE /* DYZB.app */;
			productType = "com.apple.product-type.application";
		};
		3FE11F271DE42A3C00F62CFE /* DYZBTests */ = {
			isa = PBXNativeTarget;
			buildConfigurationList = 3FE11F3F1DE42A3C00F62CFE /* Build configuration list for PBXNativeTarget "DYZBTests" */;
			buildPhases = (
				3FE11F241DE42A3C00F62CFE /* Sources */,
				3FE11F251DE42A3C00F62CFE /* Frameworks */,
				3FE11F261DE42A3C00F62CFE /* Resources */,
			);
			buildRules = (
			);
			dependencies = (
				3FE11F2A1DE42A3C00F62CFE /* PBXTargetDependency */,
			);
			name = DYZBTests;
			productName = DYZBTests;
			productReference = 3FE11F281DE42A3C00F62CFE /* DYZBTests.xctest */;
			productType = "com.apple.product-type.bundle.unit-test";
		};
		3FE11F321DE42A3C00F62CFE /* DYZBUITests */ = {
			isa = PBXNativeTarget;
			buildConfigurationList = 3FE11F421DE42A3C00F62CFE /* Build configuration list for PBXNativeTarget "DYZBUITests" */;
			buildPhases = (
				3FE11F2F1DE42A3C00F62CFE /* Sources */,
				3FE11F301DE42A3C00F62CFE /* Frameworks */,
				3FE11F311DE42A3C00F62CFE /* Resources */,
			);
			buildRules = (
			);
			dependencies = (
				3FE11F351DE42A3C00F62CFE /* PBXTargetDependency */,
			);
			name = DYZBUITests;
			productName = DYZBUITests;
			productReference = 3FE11F331DE42A3C00F62CFE /* DYZBUITests.xctest */;
			productType = "com.apple.product-type.bundle.ui-testing";
		};
/* End PBXNativeTarget section */

/* Begin PBXProject section */
		3FE11F0C1DE42A3C00F62CFE /* Project object */ = {
			isa = PBXProject;
			attributes = {
				LastSwiftUpdateCheck = 0810;
				LastUpgradeCheck = 0810;
				ORGANIZATIONNAME = com.ruixing;
				TargetAttributes = {
					3FE11F131DE42A3C00F62CFE = {
						CreatedOnToolsVersion = 8.1;
						DevelopmentTeam = 4SYHN34GLY;
						ProvisioningStyle = Automatic;
					};
					3FE11F271DE42A3C00F62CFE = {
						CreatedOnToolsVersion = 8.1;
						ProvisioningStyle = Automatic;
						TestTargetID = 3FE11F131DE42A3C00F62CFE;
					};
					3FE11F321DE42A3C00F62CFE = {
						CreatedOnToolsVersion = 8.1;
						ProvisioningStyle = Automatic;
						TestTargetID = 3FE11F131DE42A3C00F62CFE;
					};
				};
			};
			buildConfigurationList = 3FE11F0F1DE42A3C00F62CFE /* Build configuration list for PBXProject "DYZB" */;
			compatibilityVersion = "Xcode 3.2";
			developmentRegion = English;
			hasScannedForEncodings = 0;
			knownRegions = (
				en,
				Base,
			);
			mainGroup = 3FE11F0B1DE42A3C00F62CFE;
			productRefGroup = 3FE11F151DE42A3C00F62CFE /* Products */;
			projectDirPath = "";
			projectRoot = "";
			targets = (
				3FE11F131DE42A3C00F62CFE /* DYZB */,
				3FE11F271DE42A3C00F62CFE /* DYZBTests */,
				3FE11F321DE42A3C00F62CFE /* DYZBUITests */,
			);
		};
/* End PBXProject section */

/* Begin PBXResourcesBuildPhase section */
		3FE11F121DE42A3C00F62CFE /* Resources */ = {
			isa = PBXResourcesBuildPhase;
			buildActionMask = 2147483647;
			files = (
				3F8D4F751DFE3B77008E7F2C /* Main.storyboard in Resources */,
				3F8D4F721DFE3B77008E7F2C /* Info.plist in Resources */,
				3F4714CD1DFFF23A00D7B492 /* CollectionNormalCell.xib in Resources */,
				3F8D4F761DFE3B77008E7F2C /* Profile.storyboard in Resources */,
				3F8D4F711DFE3B77008E7F2C /* Home.storyboard in Resources */,
				3F8D4F741DFE3B77008E7F2C /* Live.storyboard in Resources */,
				3F8D4F731DFE3B77008E7F2C /* LaunchScreen.storyboard in Resources */,
				3F8D4F7B1DFE416F008E7F2C /* Assets.xcassets in Resources */,
				3F4714C91DFFE3F700D7B492 /* HomeCollectionHeaderView.xib in Resources */,
				3F8D4F701DFE3B77008E7F2C /* Follow.storyboard in Resources */,
			);
			runOnlyForDeploymentPostprocessing = 0;
		};
		3FE11F261DE42A3C00F62CFE /* Resources */ = {
			isa = PBXResourcesBuildPhase;
			buildActionMask = 2147483647;
			files = (
			);
			runOnlyForDeploymentPostprocessing = 0;
		};
		3FE11F311DE42A3C00F62CFE /* Resources */ = {
			isa = PBXResourcesBuildPhase;
			buildActionMask = 2147483647;
			files = (
			);
			runOnlyForDeploymentPostprocessing = 0;
		};
/* End PBXResourcesBuildPhase section */

/* Begin PBXSourcesBuildPhase section */
		3FE11F101DE42A3C00F62CFE /* Sources */ = {
			isa = PBXSourcesBuildPhase;
			buildActionMask = 2147483647;
			files = (
				3F8D4F6D1DFE3B77008E7F2C /* AppDelegate.swift in Sources */,
				3F3B22FF1DFE807300EC2B03 /* UIColor-Extension.swift in Sources */,
				3F8D4F6F1DFE3B77008E7F2C /* MainViewController.swift in Sources */,
				3F8D4F801DFE4CFD008E7F2C /* PageTitleView.swift in Sources */,
				3F3B22FD1DFE7C4F00EC2B03 /* PageContentView.swift in Sources */,
				3F8D4F7E1DFE46DA008E7F2C /* UIBarButtonItem-Extension.swift in Sources */,
				3F4714C81DFFE3F700D7B492 /* HomeCollectionHeaderView.swift in Sources */,
				3F8D4F821DFE4F2F008E7F2C /* Common.swift in Sources */,
				3F8D4F791DFE3C3A008E7F2C /* HomeViewController.swift in Sources */,
				3F4714CC1DFFF23A00D7B492 /* CollectionNormalCell.swift in Sources */,
				3F4714C51DFF9B5900D7B492 /* CommendViewController.swift in Sources */,
			);
			runOnlyForDeploymentPostprocessing = 0;
		};
		3FE11F241DE42A3C00F62CFE /* Sources */ = {
			isa = PBXSourcesBuildPhase;
			buildActionMask = 2147483647;
			files = (
				3FE11F2D1DE42A3C00F62CFE /* DYZBTests.swift in Sources */,
			);
			runOnlyForDeploymentPostprocessing = 0;
		};
		3FE11F2F1DE42A3C00F62CFE /* Sources */ = {
			isa = PBXSourcesBuildPhase;
			buildActionMask = 2147483647;
			files = (
				3FE11F381DE42A3C00F62CFE /* DYZBUITests.swift in Sources */,
			);
			runOnlyForDeploymentPostprocessing = 0;
		};
/* End PBXSourcesBuildPhase section */

/* Begin PBXTargetDependency section */
		3FE11F2A1DE42A3C00F62CFE /* PBXTargetDependency */ = {
			isa = PBXTargetDependency;
			target = 3FE11F131DE42A3C00F62CFE /* DYZB */;
			targetProxy = 3FE11F291DE42A3C00F62CFE /* PBXContainerItemProxy */;
		};
		3FE11F351DE42A3C00F62CFE /* PBXTargetDependency */ = {
			isa = PBXTargetDependency;
			target = 3FE11F131DE42A3C00F62CFE /* DYZB */;
			targetProxy = 3FE11F341DE42A3C00F62CFE /* PBXContainerItemProxy */;
		};
/* End PBXTargetDependency section */

/* Begin XCBuildConfiguration section */
		3FE11F3A1DE42A3C00F62CFE /* Debug */ = {
			isa = XCBuildConfiguration;
			buildSettings = {
				ALWAYS_SEARCH_USER_PATHS = NO;
				CLANG_ANALYZER_NONNULL = YES;
				CLANG_CXX_LANGUAGE_STANDARD = "gnu++0x";
				CLANG_CXX_LIBRARY = "libc++";
				CLANG_ENABLE_MODULES = YES;
				CLANG_ENABLE_OBJC_ARC = YES;
				CLANG_WARN_BOOL_CONVERSION = YES;
				CLANG_WARN_CONSTANT_CONVERSION = YES;
				CLANG_WARN_DIRECT_OBJC_ISA_USAGE = YES_ERROR;
				CLANG_WARN_DOCUMENTATION_COMMENTS = YES;
				CLANG_WARN_EMPTY_BODY = YES;
				CLANG_WARN_ENUM_CONVERSION = YES;
				CLANG_WARN_INFINITE_RECURSION = YES;
				CLANG_WARN_INT_CONVERSION = YES;
				CLANG_WARN_OBJC_ROOT_CLASS = YES_ERROR;
				CLANG_WARN_SUSPICIOUS_MOVES = YES;
				CLANG_WARN_UNREACHABLE_CODE = YES;
				CLANG_WARN__DUPLICATE_METHOD_MATCH = YES;
				"CODE_SIGN_IDENTITY[sdk=iphoneos*]" = "iPhone Developer";
				COPY_PHASE_STRIP = NO;
				DEBUG_INFORMATION_FORMAT = dwarf;
				ENABLE_STRICT_OBJC_MSGSEND = YES;
				ENABLE_TESTABILITY = YES;
				GCC_C_LANGUAGE_STANDARD = gnu99;
				GCC_DYNAMIC_NO_PIC = NO;
				GCC_NO_COMMON_BLOCKS = YES;
				GCC_OPTIMIZATION_LEVEL = 0;
				GCC_PREPROCESSOR_DEFINITIONS = (
					"DEBUG=1",
					"$(inherited)",
				);
				GCC_WARN_64_TO_32_BIT_CONVERSION = YES;
				GCC_WARN_ABOUT_RETURN_TYPE = YES_ERROR;
				GCC_WARN_UNDECLARED_SELECTOR = YES;
				GCC_WARN_UNINITIALIZED_AUTOS = YES_AGGRESSIVE;
				GCC_WARN_UNUSED_FUNCTION = YES;
				GCC_WARN_UNUSED_VARIABLE = YES;
				IPHONEOS_DEPLOYMENT_TARGET = 10.1;
				MTL_ENABLE_DEBUG_INFO = YES;
				ONLY_ACTIVE_ARCH = YES;
				SDKROOT = iphoneos;
				SWIFT_ACTIVE_COMPILATION_CONDITIONS = DEBUG;
				SWIFT_OPTIMIZATION_LEVEL = "-Onone";
			};
			name = Debug;
		};
		3FE11F3B1DE42A3C00F62CFE /* Release */ = {
			isa = XCBuildConfiguration;
			buildSettings = {
				ALWAYS_SEARCH_USER_PATHS = NO;
				CLANG_ANALYZER_NONNULL = YES;
				CLANG_CXX_LANGUAGE_STANDARD = "gnu++0x";
				CLANG_CXX_LIBRARY = "libc++";
				CLANG_ENABLE_MODULES = YES;
				CLANG_ENABLE_OBJC_ARC = YES;
				CLANG_WARN_BOOL_CONVERSION = YES;
				CLANG_WARN_CONSTANT_CONVERSION = YES;
				CLANG_WARN_DIRECT_OBJC_ISA_USAGE = YES_ERROR;
				CLANG_WARN_DOCUMENTATION_COMMENTS = YES;
				CLANG_WARN_EMPTY_BODY = YES;
				CLANG_WARN_ENUM_CONVERSION = YES;
				CLANG_WARN_INFINITE_RECURSION = YES;
				CLANG_WARN_INT_CONVERSION = YES;
				CLANG_WARN_OBJC_ROOT_CLASS = YES_ERROR;
				CLANG_WARN_SUSPICIOUS_MOVES = YES;
				CLANG_WARN_UNREACHABLE_CODE = YES;
				CLANG_WARN__DUPLICATE_METHOD_MATCH = YES;
				"CODE_SIGN_IDENTITY[sdk=iphoneos*]" = "iPhone Developer";
				COPY_PHASE_STRIP = NO;
				DEBUG_INFORMATION_FORMAT = "dwarf-with-dsym";
				ENABLE_NS_ASSERTIONS = NO;
				ENABLE_STRICT_OBJC_MSGSEND = YES;
				GCC_C_LANGUAGE_STANDARD = gnu99;
				GCC_NO_COMMON_BLOCKS = YES;
				GCC_WARN_64_TO_32_BIT_CONVERSION = YES;
				GCC_WARN_ABOUT_RETURN_TYPE = YES_ERROR;
				GCC_WARN_UNDECLARED_SELECTOR = YES;
				GCC_WARN_UNINITIALIZED_AUTOS = YES_AGGRESSIVE;
				GCC_WARN_UNUSED_FUNCTION = YES;
				GCC_WARN_UNUSED_VARIABLE = YES;
				IPHONEOS_DEPLOYMENT_TARGET = 10.1;
				MTL_ENABLE_DEBUG_INFO = NO;
				SDKROOT = iphoneos;
				SWIFT_OPTIMIZATION_LEVEL = "-Owholemodule";
				VALIDATE_PRODUCT = YES;
			};
			name = Release;
		};
		3FE11F3D1DE42A3C00F62CFE /* Debug */ = {
			isa = XCBuildConfiguration;
			buildSettings = {
				ASSETCATALOG_COMPILER_APPICON_NAME = AppIcon;
				DEVELOPMENT_TEAM = 4SYHN34GLY;
				INFOPLIST_FILE = DYZB/Info.plist;
				IPHONEOS_DEPLOYMENT_TARGET = 8.0;
				LD_RUNPATH_SEARCH_PATHS = "$(inherited) @executable_path/Frameworks";
				PRODUCT_BUNDLE_IDENTIFIER = com.ruixing.DYZB;
				PRODUCT_NAME = "$(TARGET_NAME)";
				SWIFT_VERSION = 3.0;
			};
			name = Debug;
		};
		3FE11F3E1DE42A3C00F62CFE /* Release */ = {
			isa = XCBuildConfiguration;
			buildSettings = {
				ASSETCATALOG_COMPILER_APPICON_NAME = AppIcon;
				DEVELOPMENT_TEAM = 4SYHN34GLY;
				INFOPLIST_FILE = DYZB/Info.plist;
				IPHONEOS_DEPLOYMENT_TARGET = 8.0;
				LD_RUNPATH_SEARCH_PATHS = "$(inherited) @executable_path/Frameworks";
				PRODUCT_BUNDLE_IDENTIFIER = com.ruixing.DYZB;
				PRODUCT_NAME = "$(TARGET_NAME)";
				SWIFT_VERSION = 3.0;
			};
			name = Release;
		};
		3FE11F401DE42A3C00F62CFE /* Debug */ = {
			isa = XCBuildConfiguration;
			buildSettings = {
				ALWAYS_EMBED_SWIFT_STANDARD_LIBRARIES = YES;
				BUNDLE_LOADER = "$(TEST_HOST)";
				INFOPLIST_FILE = DYZBTests/Info.plist;
				LD_RUNPATH_SEARCH_PATHS = "$(inherited) @executable_path/Frameworks @loader_path/Frameworks";
				PRODUCT_BUNDLE_IDENTIFIER = com.ruixing.DYZBTests;
				PRODUCT_NAME = "$(TARGET_NAME)";
				SWIFT_VERSION = 3.0;
				TEST_HOST = "$(BUILT_PRODUCTS_DIR)/DYZB.app/DYZB";
			};
			name = Debug;
		};
		3FE11F411DE42A3C00F62CFE /* Release */ = {
			isa = XCBuildConfiguration;
			buildSettings = {
				ALWAYS_EMBED_SWIFT_STANDARD_LIBRARIES = YES;
				BUNDLE_LOADER = "$(TEST_HOST)";
				INFOPLIST_FILE = DYZBTests/Info.plist;
				LD_RUNPATH_SEARCH_PATHS = "$(inherited) @executable_path/Frameworks @loader_path/Frameworks";
				PRODUCT_BUNDLE_IDENTIFIER = com.ruixing.DYZBTests;
				PRODUCT_NAME = "$(TARGET_NAME)";
				SWIFT_VERSION = 3.0;
				TEST_HOST = "$(BUILT_PRODUCTS_DIR)/DYZB.app/DYZB";
			};
			name = Release;
		};
		3FE11F431DE42A3C00F62CFE /* Debug */ = {
			isa = XCBuildConfiguration;
			buildSettings = {
				ALWAYS_EMBED_SWIFT_STANDARD_LIBRARIES = YES;
				INFOPLIST_FILE = DYZBUITests/Info.plist;
				LD_RUNPATH_SEARCH_PATHS = "$(inherited) @executable_path/Frameworks @loader_path/Frameworks";
				PRODUCT_BUNDLE_IDENTIFIER = com.ruixing.DYZBUITests;
				PRODUCT_NAME = "$(TARGET_NAME)";
				SWIFT_VERSION = 3.0;
				TEST_TARGET_NAME = DYZB;
			};
			name = Debug;
		};
		3FE11F441DE42A3C00F62CFE /* Release */ = {
			isa = XCBuildConfiguration;
			buildSettings = {
				ALWAYS_EMBED_SWIFT_STANDARD_LIBRARIES = YES;
				INFOPLIST_FILE = DYZBUITests/Info.plist;
				LD_RUNPATH_SEARCH_PATHS = "$(inherited) @executable_path/Frameworks @loader_path/Frameworks";
				PRODUCT_BUNDLE_IDENTIFIER = com.ruixing.DYZBUITests;
				PRODUCT_NAME = "$(TARGET_NAME)";
				SWIFT_VERSION = 3.0;
				TEST_TARGET_NAME = DYZB;
			};
			name = Release;
		};
/* End XCBuildConfiguration section */

/* Begin XCConfigurationList section */
		3FE11F0F1DE42A3C00F62CFE /* Build configuration list for PBXProject "DYZB" */ = {
			isa = XCConfigurationList;
			buildConfigurations = (
				3FE11F3A1DE42A3C00F62CFE /* Debug */,
				3FE11F3B1DE42A3C00F62CFE /* Release */,
			);
			defaultConfigurationIsVisible = 0;
			defaultConfigurationName = Release;
		};
		3FE11F3C1DE42A3C00F62CFE /* Build configuration list for PBXNativeTarget "DYZB" */ = {
			isa = XCConfigurationList;
			buildConfigurations = (
				3FE11F3D1DE42A3C00F62CFE /* Debug */,
				3FE11F3E1DE42A3C00F62CFE /* Release */,
			);
			defaultConfigurationIsVisible = 0;
			defaultConfigurationName = Release;
		};
		3FE11F3F1DE42A3C00F62CFE /* Build configuration list for PBXNativeTarget "DYZBTests" */ = {
			isa = XCConfigurationList;
			buildConfigurations = (
				3FE11F401DE42A3C00F62CFE /* Debug */,
				3FE11F411DE42A3C00F62CFE /* Release */,
			);
			defaultConfigurationIsVisible = 0;
			defaultConfigurationName = Release;
		};
		3FE11F421DE42A3C00F62CFE /* Build configuration list for PBXNativeTarget "DYZBUITests" */ = {
			isa = XCConfigurationList;
			buildConfigurations = (
				3FE11F431DE42A3C00F62CFE /* Debug */,
				3FE11F441DE42A3C00F62CFE /* Release */,
			);
			defaultConfigurationIsVisible = 0;
			defaultConfigurationName = Release;
		};
/* End XCConfigurationList section */
	};
	rootObject = 3FE11F0C1DE42A3C00F62CFE /* Project object */;
}
